
Microsoft Visual Studio Solution File, Format Version 12.00
# Visual Studio Version 17
VisualStudioVersion = 17.14.36310.24 d17.14
MinimumVisualStudioVersion = 10.0.40219.1
Project("{FAE04EC0-301F-11D3-BF4B-00C04F79EFBC}") = "Parameters", "Parameters.csproj", "{5BB8D81A-4A64-4CB0-8547-80127E3F0187}"
EndProject
Global
	GlobalSection(SolutionConfigurationPlatforms) = preSolution
		Debug|Any CPU = Debug|Any CPU
		Release|Any CPU = Release|Any CPU
	EndGlobalSection
	GlobalSection(ProjectConfigurationPlatforms) = postSolution
		{5BB8D81A-4A64-4CB0-8547-80127E3F0187}.Debug|Any CPU.ActiveCfg = Debug|Any CPU
		{5BB8D81A-4A64-4CB0-8547-80127E3F0187}.Debug|Any CPU.Build.0 = Debug|Any CPU
		{5BB8D81A-4A64-4CB0-8547-80127E3F0187}.Release|Any CPU.ActiveCfg = Release|Any CPU
		{5BB8D81A-4A64-4CB0-8547-80127E3F0187}.Release|Any CPU.Build.0 = Release|Any CPU
	EndGlobalSection
	GlobalSection(SolutionProperties) = preSolution
		HideSolutionNode = FALSE
	EndGlobalSection
	GlobalSection(ExtensibilityGlobals) = postSolution
		SolutionGuid = {E85E4106-1292-4F4B-8E06-4CE5F673FE29}
	EndGlobalSection
EndGlobal
